{
  "name": "order-management-app",
  "version": "1.0.0",
  "lockfileVersion": 3,
  "requires": true,
  "packages": {
    "": {
      "name": "order-management-app",
      "version": "1.0.0",
      "license": "ISC",
      "dependencies": {
        "@cloudflare/workers-types": "^4.20250614.0",
        "itty-router": "^5.0.18"
      }
    },
    "node_modules/@cloudflare/workers-types": {
      "version": "4.20250614.0",
      "resolved": "https://registry.npmjs.org/@cloudflare/workers-types/-/workers-types-4.20250614.0.tgz",
      "integrity": "sha512-a2r9Yamj+7YlXUeGbnpwZdxGyTx1rMyLdt2xtzk46HgpGq3QV8ka8s3B+tB4OzDPXH9x5TmplwlO9vTJkCXG1w==",
      "license": "MIT OR Apache-2.0"
    },
    "node_modules/itty-router": {
      "version": "5.0.18",
      "resolved": "https://registry.npmjs.org/itty-router/-/itty-router-5.0.18.tgz",
      "integrity": "sha512-mK3ReOt4ARAGy0V0J7uHmArG2USN2x0zprZ+u+YgmeRjXTDbaowDy3kPcsmQY6tH+uHhDgpWit9Vqmv/4rTXwA==",
      "license": "MIT"
    }
  }
}
