{
  "name": "order-management-app",
  "version": "1.0.0",
  "lockfileVersion": 3,
  "requires": true,
  "packages": {
    "": {
      "name": "order-management-app",
      "version": "1.0.0",
      "license": "ISC",
      "dependencies": {
        "@cloudflare/workers-types": "^4.20250614.0",
        "itty-router": "^4.0.23"
      }
    },
    "node_modules/@cloudflare/workers-types": {
      "version": "4.20250614.0",
      "resolved": "https://registry.npmjs.org/@cloudflare/workers-types/-/workers-types-4.20250614.0.tgz",
      "integrity": "sha512-a2r9Yamj+7YlXUeGbnpwZdxGyTx1rMyLdt2xtzk46HgpGq3QV8ka8s3B+tB4OzDPXH9x5TmplwlO9vTJkCXG1w==",
      "license": "MIT OR Apache-2.0"
    },
    "node_modules/itty-router": {
      "version": "4.2.2",
      "resolved": "https://registry.npmjs.org/itty-router/-/itty-router-4.2.2.tgz",
      "integrity": "sha512-KegPW0l9SNPadProoFT07AB84uOqLUwzlXQ7HsqkS31WUrxkjdhcemRpTDUuetbMJ89uBtWeQSVoiEmUAu31uw==",
      "license": "MIT"
    }
  }
}
